// !$*UTF8*$!
{
	archiveVersion = 1;
	classes = {
	};
	objectVersion = 77;
	objects = {

/* Begin PBXBuildFile section */
		00543EEFFC3C42A06BC4D2A0 /* KnowledgeBaseApp.swift in Sources */ = {isa = PBXBuildFile; fileRef = 120ACA3751D4BA6BA15A924B /* KnowledgeBaseApp.swift */; };
		222DDA3B8ECB24833B90E1EF /* MicRecordControl.swift in Sources */ = {isa = PBXBuildFile; fileRef = A5C4A1C8B0EB9EF78C2E6290 /* MicRecordControl.swift */; };
		28A4888D6859F54ABC6161AF /* PostRecordingReviewSheet.swift in Sources */ = {isa = PBXBuildFile; fileRef = 7E7A58BA42C2DB8F386813EF /* PostRecordingReviewSheet.swift */; };
		2E16D743B43AD8D367AAA963 /* VoiceUploadClient.swift in Sources */ = {isa = PBXBuildFile; fileRef = F21DD8DB001BE97A78800EDF /* VoiceUploadClient.swift */; };
		4704EAA1FCE52A805257DCE6 /* MainView.swift in Sources */ = {isa = PBXBuildFile; fileRef = 13E8507F60F3F1F8BE4CB3FB /* MainView.swift */; };
		53FDB826E259B0CFCD14E27F /* Assets.xcassets in Resources */ = {isa = PBXBuildFile; fileRef = 35BC1DA99AD0F7B6E33E63C5 /* Assets.xcassets */; };
		56BC350D0E5F60915D5AA1B1 /* SettingsView.swift in Sources */ = {isa = PBXBuildFile; fileRef = 7C1053C5FEB26E0AF6E9DCB7 /* SettingsView.swift */; };
		59737C4E43C4BB2892D2A3D5 /* AppConfigurationTests.swift in Sources */ = {isa = PBXBuildFile; fileRef = A6034236759483DAE494A376 /* AppConfigurationTests.swift */; };
		604753B483CA60050D55F984 /* KBSession.swift in Sources */ = {isa = PBXBuildFile; fileRef = EB1F215090174ACE1EABAB6E /* KBSession.swift */; };
		6C77F92D9F5B6C0DD921490D /* AppConfiguration.swift in Sources */ = {isa = PBXBuildFile; fileRef = EBA439013BC5F2B88B399380 /* AppConfiguration.swift */; };
		8004370EA925020A01F7EA9B /* KBSessionTests.swift in Sources */ = {isa = PBXBuildFile; fileRef = E7C5519EDDBC09972FCA9E51 /* KBSessionTests.swift */; };
		96AB135CDA6C32BF2CE59E4D /* RecordingGestureLogicTests.swift in Sources */ = {isa = PBXBuildFile; fileRef = D4BD102BF4E88BE964430B5A /* RecordingGestureLogicTests.swift */; };
		C239465AC4EB1605D28DC768 /* VoiceRecordingViewModel.swift in Sources */ = {isa = PBXBuildFile; fileRef = 905A0A0C1BC5E8DF3DE1F685 /* VoiceRecordingViewModel.swift */; };
		C741F7963179EB0F5079CC6E /* VoiceRecordingService.swift in Sources */ = {isa = PBXBuildFile; fileRef = 81F668021DEF209B16CAEAF9 /* VoiceRecordingService.swift */; };
		CE2C5AF5E090B2902797E2F0 /* KnowledgeBaseAPIClientTests.swift in Sources */ = {isa = PBXBuildFile; fileRef = D1FCCA0BB3CACBD1682EDF80 /* KnowledgeBaseAPIClientTests.swift */; };
		E24048BDA7ED8393E7A223EA /* RecordingGestureLogic.swift in Sources */ = {isa = PBXBuildFile; fileRef = 525C51AE342E067C1846E135 /* RecordingGestureLogic.swift */; };
		FA4A5CE5CB29F0354B53C199 /* KnowledgeBaseAPIClient.swift in Sources */ = {isa = PBXBuildFile; fileRef = CF339918A28F765CB084A562 /* KnowledgeBaseAPIClient.swift */; };
/* End PBXBuildFile section */

/* Begin PBXContainerItemProxy section */
		FC0D0D770D2A083AA555C8E9 /* PBXContainerItemProxy */ = {
			isa = PBXContainerItemProxy;
			containerPortal = EBAA649C262B1FB720473A74 /* Project object */;
			proxyType = 1;
			remoteGlobalIDString = EDB92A55E331816AC354E70E;
			remoteInfo = KnowledgeBaseApp;
		};
/* End PBXContainerItemProxy section */

/* Begin PBXFileReference section */
		120ACA3751D4BA6BA15A924B /* KnowledgeBaseApp.swift */ = {isa = PBXFileReference; lastKnownFileType = sourcecode.swift; path = KnowledgeBaseApp.swift; sourceTree = "<group>"; };
		13E8507F60F3F1F8BE4CB3FB /* MainView.swift */ = {isa = PBXFileReference; lastKnownFileType = sourcecode.swift; path = MainView.swift; sourceTree = "<group>"; };
		160117490E0F8809EC811C14 /* KnowledgeBaseApp.app */ = {isa = PBXFileReference; includeInIndex = 0; lastKnownFileType = wrapper.application; path = KnowledgeBaseApp.app; sourceTree = BUILT_PRODUCTS_DIR; };
		35BC1DA99AD0F7B6E33E63C5 /* Assets.xcassets */ = {isa = PBXFileReference; lastKnownFileType = folder.assetcatalog; path = Assets.xcassets; sourceTree = "<group>"; };
		467CF93A5C5C1E490410CEFA /* Debug.xcconfig */ = {isa = PBXFileReference; lastKnownFileType = text.xcconfig; path = Debug.xcconfig; sourceTree = "<group>"; };
		525C51AE342E067C1846E135 /* RecordingGestureLogic.swift */ = {isa = PBXFileReference; lastKnownFileType = sourcecode.swift; path = RecordingGestureLogic.swift; sourceTree = "<group>"; };
		7C1053C5FEB26E0AF6E9DCB7 /* SettingsView.swift */ = {isa = PBXFileReference; lastKnownFileType = sourcecode.swift; path = SettingsView.swift; sourceTree = "<group>"; };
		7E7A58BA42C2DB8F386813EF /* PostRecordingReviewSheet.swift */ = {isa = PBXFileReference; lastKnownFileType = sourcecode.swift; path = PostRecordingReviewSheet.swift; sourceTree = "<group>"; };
		81F668021DEF209B16CAEAF9 /* VoiceRecordingService.swift */ = {isa = PBXFileReference; lastKnownFileType = sourcecode.swift; path = VoiceRecordingService.swift; sourceTree = "<group>"; };
		905A0A0C1BC5E8DF3DE1F685 /* VoiceRecordingViewModel.swift */ = {isa = PBXFileReference; lastKnownFileType = sourcecode.swift; path = VoiceRecordingViewModel.swift; sourceTree = "<group>"; };
		9193CB5D05F676D78DC1F959 /* Info.plist */ = {isa = PBXFileReference; lastKnownFileType = text.plist; path = Info.plist; sourceTree = "<group>"; };
		A5C4A1C8B0EB9EF78C2E6290 /* MicRecordControl.swift */ = {isa = PBXFileReference; lastKnownFileType = sourcecode.swift; path = MicRecordControl.swift; sourceTree = "<group>"; };
		A6034236759483DAE494A376 /* AppConfigurationTests.swift */ = {isa = PBXFileReference; lastKnownFileType = sourcecode.swift; path = AppConfigurationTests.swift; sourceTree = "<group>"; };
		CF339918A28F765CB084A562 /* KnowledgeBaseAPIClient.swift */ = {isa = PBXFileReference; lastKnownFileType = sourcecode.swift; path = KnowledgeBaseAPIClient.swift; sourceTree = "<group>"; };
		D1FCCA0BB3CACBD1682EDF80 /* KnowledgeBaseAPIClientTests.swift */ = {isa = PBXFileReference; lastKnownFileType = sourcecode.swift; path = KnowledgeBaseAPIClientTests.swift; sourceTree = "<group>"; };
		D4BD102BF4E88BE964430B5A /* RecordingGestureLogicTests.swift */ = {isa = PBXFileReference; lastKnownFileType = sourcecode.swift; path = RecordingGestureLogicTests.swift; sourceTree = "<group>"; };
		E256BEA838E1C097EDA85500 /* KnowledgeBaseAppTests.xctest */ = {isa = PBXFileReference; includeInIndex = 0; lastKnownFileType = wrapper.cfbundle; path = KnowledgeBaseAppTests.xctest; sourceTree = BUILT_PRODUCTS_DIR; };
		E7C5519EDDBC09972FCA9E51 /* KBSessionTests.swift */ = {isa = PBXFileReference; lastKnownFileType = sourcecode.swift; path = KBSessionTests.swift; sourceTree = "<group>"; };
		E9075BD95C6FBBD783C0D5AD /* Release.xcconfig */ = {isa = PBXFileReference; lastKnownFileType = text.xcconfig; path = Release.xcconfig; sourceTree = "<group>"; };
		EB1F215090174ACE1EABAB6E /* KBSession.swift */ = {isa = PBXFileReference; lastKnownFileType = sourcecode.swift; path = KBSession.swift; sourceTree = "<group>"; };
		EBA439013BC5F2B88B399380 /* AppConfiguration.swift */ = {isa = PBXFileReference; lastKnownFileType = sourcecode.swift; path = AppConfiguration.swift; sourceTree = "<group>"; };
		F21DD8DB001BE97A78800EDF /* VoiceUploadClient.swift */ = {isa = PBXFileReference; lastKnownFileType = sourcecode.swift; path = VoiceUploadClient.swift; sourceTree = "<group>"; };
/* End PBXFileReference section */

/* Begin PBXGroup section */
		00C02605A379D5F26A8DA592 /* Products */ = {
			isa = PBXGroup;
			children = (
				160117490E0F8809EC811C14 /* KnowledgeBaseApp.app */,
				E256BEA838E1C097EDA85500 /* KnowledgeBaseAppTests.xctest */,
			);
			name = Products;
			sourceTree = "<group>";
		};
		0E725834AA024D5F28745DDB /* Resources */ = {
			isa = PBXGroup;
			children = (
				35BC1DA99AD0F7B6E33E63C5 /* Assets.xcassets */,
				9193CB5D05F676D78DC1F959 /* Info.plist */,
			);
			path = Resources;
			sourceTree = "<group>";
		};
		0F01226846A17028E040F279 /* Views */ = {
			isa = PBXGroup;
			children = (
				43F4D61856BF31659F96758C /* Recording */,
				13E8507F60F3F1F8BE4CB3FB /* MainView.swift */,
				7C1053C5FEB26E0AF6E9DCB7 /* SettingsView.swift */,
			);
			path = Views;
			sourceTree = "<group>";
		};
		1AC9680746CD7C19EBFF5C1B /* KnowledgeBaseApp */ = {
			isa = PBXGroup;
			children = (
				4F17E5E52EC85DD5760A4318 /* App */,
				CA6348DF74E6999124C84584 /* Configuration */,
				881ADDF7AC7899BE07308580 /* Models */,
				0E725834AA024D5F28745DDB /* Resources */,
				C42918D3A4CFCAD7A0F3604C /* Services */,
				5584D26FDEE9B7C887E4D55D /* ViewModels */,
				0F01226846A17028E040F279 /* Views */,
			);
			path = KnowledgeBaseApp;
			sourceTree = "<group>";
		};
		43F4D61856BF31659F96758C /* Recording */ = {
			isa = PBXGroup;
			children = (
				A5C4A1C8B0EB9EF78C2E6290 /* MicRecordControl.swift */,
				7E7A58BA42C2DB8F386813EF /* PostRecordingReviewSheet.swift */,
			);
			path = Recording;
			sourceTree = "<group>";
		};
		4F17E5E52EC85DD5760A4318 /* App */ = {
			isa = PBXGroup;
			children = (
				120ACA3751D4BA6BA15A924B /* KnowledgeBaseApp.swift */,
			);
			path = App;
			sourceTree = "<group>";
		};
		5584D26FDEE9B7C887E4D55D /* ViewModels */ = {
			isa = PBXGroup;
			children = (
				905A0A0C1BC5E8DF3DE1F685 /* VoiceRecordingViewModel.swift */,
			);
			path = ViewModels;
			sourceTree = "<group>";
		};
		61E6FE726E79E36BD03D3698 /* KnowledgeBaseAppTests */ = {
			isa = PBXGroup;
			children = (
				A6034236759483DAE494A376 /* AppConfigurationTests.swift */,
				E7C5519EDDBC09972FCA9E51 /* KBSessionTests.swift */,
				D1FCCA0BB3CACBD1682EDF80 /* KnowledgeBaseAPIClientTests.swift */,
				D4BD102BF4E88BE964430B5A /* RecordingGestureLogicTests.swift */,
			);
			path = KnowledgeBaseAppTests;
			sourceTree = "<group>";
		};
		761CEE83BCAAA2D650730BEA = {
			isa = PBXGroup;
			children = (
				DE663E61016107B6D47A285C /* Config */,
				1AC9680746CD7C19EBFF5C1B /* KnowledgeBaseApp */,
				61E6FE726E79E36BD03D3698 /* KnowledgeBaseAppTests */,
				00C02605A379D5F26A8DA592 /* Products */,
			);
			sourceTree = "<group>";
		};
		881ADDF7AC7899BE07308580 /* Models */ = {
			isa = PBXGroup;
			children = (
				EB1F215090174ACE1EABAB6E /* KBSession.swift */,
			);
			path = Models;
			sourceTree = "<group>";
		};
		C42918D3A4CFCAD7A0F3604C /* Services */ = {
			isa = PBXGroup;
			children = (
				CF339918A28F765CB084A562 /* KnowledgeBaseAPIClient.swift */,
				525C51AE342E067C1846E135 /* RecordingGestureLogic.swift */,
				81F668021DEF209B16CAEAF9 /* VoiceRecordingService.swift */,
				F21DD8DB001BE97A78800EDF /* VoiceUploadClient.swift */,
			);
			path = Services;
			sourceTree = "<group>";
		};
		CA6348DF74E6999124C84584 /* Configuration */ = {
			isa = PBXGroup;
			children = (
				EBA439013BC5F2B88B399380 /* AppConfiguration.swift */,
			);
			path = Configuration;
			sourceTree = "<group>";
		};
		DE663E61016107B6D47A285C /* Config */ = {
			isa = PBXGroup;
			children = (
				467CF93A5C5C1E490410CEFA /* Debug.xcconfig */,
				E9075BD95C6FBBD783C0D5AD /* Release.xcconfig */,
			);
			path = Config;
			sourceTree = "<group>";
		};
/* End PBXGroup section */

/* Begin PBXNativeTarget section */
		44F6EDC2898840F0AF989B34 /* KnowledgeBaseAppTests */ = {
			isa = PBXNativeTarget;
			buildConfigurationList = B42B6D3A80BE465ADD1A8E15 /* Build configuration list for PBXNativeTarget "KnowledgeBaseAppTests" */;
			buildPhases = (
				41A508A6E753D6BA4B2F66C5 /* Sources */,
			);
			buildRules = (
			);
			dependencies = (
				4935FB0F12B88E00640596FA /* PBXTargetDependency */,
			);
			name = KnowledgeBaseAppTests;
			packageProductDependencies = (
			);
			productName = KnowledgeBaseAppTests;
			productReference = E256BEA838E1C097EDA85500 /* KnowledgeBaseAppTests.xctest */;
			productType = "com.apple.product-type.bundle.unit-test";
		};
		EDB92A55E331816AC354E70E /* KnowledgeBaseApp */ = {
			isa = PBXNativeTarget;
			buildConfigurationList = F173CAB5625E60E8F0FA4F9A /* Build configuration list for PBXNativeTarget "KnowledgeBaseApp" */;
			buildPhases = (
				27B38DD42DF9DF3ABCD1B0C2 /* Sources */,
				87F322FFD0E665E4A5AADDA0 /* Resources */,
			);
			buildRules = (
			);
			dependencies = (
			);
			name = KnowledgeBaseApp;
			packageProductDependencies = (
			);
			productName = KnowledgeBaseApp;
			productReference = 160117490E0F8809EC811C14 /* KnowledgeBaseApp.app */;
			productType = "com.apple.product-type.application";
		};
/* End PBXNativeTarget section */

/* Begin PBXProject section */
		EBAA649C262B1FB720473A74 /* Project object */ = {
			isa = PBXProject;
			attributes = {
				BuildIndependentTargetsInParallel = YES;
				LastUpgradeCheck = 1430;
				TargetAttributes = {
					44F6EDC2898840F0AF989B34 = {
						DevelopmentTeam = "";
					};
					EDB92A55E331816AC354E70E = {
						DevelopmentTeam = "";
					};
				};
			};
			buildConfigurationList = 9F0CADBD7082722B8EBA6CE1 /* Build configuration list for PBXProject "KnowledgeBaseApp" */;
			compatibilityVersion = "Xcode 14.0";
			developmentRegion = en;
			hasScannedForEncodings = 0;
			knownRegions = (
				Base,
				en,
			);
			mainGroup = 761CEE83BCAAA2D650730BEA;
			minimizedProjectReferenceProxies = 1;
			preferredProjectObjectVersion = 77;
			projectDirPath = "";
			projectRoot = "";
			targets = (
				EDB92A55E331816AC354E70E /* KnowledgeBaseApp */,
				44F6EDC2898840F0AF989B34 /* KnowledgeBaseAppTests */,
			);
		};
/* End PBXProject section */

/* Begin PBXResourcesBuildPhase section */
		87F322FFD0E665E4A5AADDA0 /* Resources */ = {
			isa = PBXResourcesBuildPhase;
			buildActionMask = 2147483647;
			files = (
				53FDB826E259B0CFCD14E27F /* Assets.xcassets in Resources */,
			);
			runOnlyForDeploymentPostprocessing = 0;
		};
/* End PBXResourcesBuildPhase section */

/* Begin PBXSourcesBuildPhase section */
		27B38DD42DF9DF3ABCD1B0C2 /* Sources */ = {
			isa = PBXSourcesBuildPhase;
			buildActionMask = 2147483647;
			files = (
				6C77F92D9F5B6C0DD921490D /* AppConfiguration.swift in Sources */,
				604753B483CA60050D55F984 /* KBSession.swift in Sources */,
				FA4A5CE5CB29F0354B53C199 /* KnowledgeBaseAPIClient.swift in Sources */,
				00543EEFFC3C42A06BC4D2A0 /* KnowledgeBaseApp.swift in Sources */,
				4704EAA1FCE52A805257DCE6 /* MainView.swift in Sources */,
				222DDA3B8ECB24833B90E1EF /* MicRecordControl.swift in Sources */,
				28A4888D6859F54ABC6161AF /* PostRecordingReviewSheet.swift in Sources */,
				E24048BDA7ED8393E7A223EA /* RecordingGestureLogic.swift in Sources */,
				56BC350D0E5F60915D5AA1B1 /* SettingsView.swift in Sources */,
				C741F7963179EB0F5079CC6E /* VoiceRecordingService.swift in Sources */,
				C239465AC4EB1605D28DC768 /* VoiceRecordingViewModel.swift in Sources */,
				2E16D743B43AD8D367AAA963 /* VoiceUploadClient.swift in Sources */,
			);
			runOnlyForDeploymentPostprocessing = 0;
		};
		41A508A6E753D6BA4B2F66C5 /* Sources */ = {
			isa = PBXSourcesBuildPhase;
			buildActionMask = 2147483647;
			files = (
				59737C4E43C4BB2892D2A3D5 /* AppConfigurationTests.swift in Sources */,
				8004370EA925020A01F7EA9B /* KBSessionTests.swift in Sources */,
				CE2C5AF5E090B2902797E2F0 /* KnowledgeBaseAPIClientTests.swift in Sources */,
				96AB135CDA6C32BF2CE59E4D /* RecordingGestureLogicTests.swift in Sources */,
			);
			runOnlyForDeploymentPostprocessing = 0;
		};
/* End PBXSourcesBuildPhase section */

/* Begin PBXTargetDependency section */
		4935FB0F12B88E00640596FA /* PBXTargetDependency */ = {
			isa = PBXTargetDependency;
			target = EDB92A55E331816AC354E70E /* KnowledgeBaseApp */;
			targetProxy = FC0D0D770D2A083AA555C8E9 /* PBXContainerItemProxy */;
		};
/* End PBXTargetDependency section */

/* Begin XCBuildConfiguration section */
		3C6317B14E1F04C93E294495 /* Debug */ = {
			isa = XCBuildConfiguration;
			baseConfigurationReference = 467CF93A5C5C1E490410CEFA /* Debug.xcconfig */;
			buildSettings = {
				ALWAYS_SEARCH_USER_PATHS = NO;
				CLANG_ANALYZER_NONNULL = YES;
				CLANG_ANALYZER_NUMBER_OBJECT_CONVERSION = YES_AGGRESSIVE;
				CLANG_CXX_LANGUAGE_STANDARD = "gnu++14";
				CLANG_CXX_LIBRARY = "libc++";
				CLANG_ENABLE_MODULES = YES;
				CLANG_ENABLE_OBJC_ARC = YES;
				CLANG_ENABLE_OBJC_WEAK = YES;
				CLANG_WARN_BLOCK_CAPTURE_AUTORELEASING = YES;
				CLANG_WARN_BOOL_CONVERSION = YES;
				CLANG_WARN_COMMA = YES;
				CLANG_WARN_CONSTANT_CONVERSION = YES;
				CLANG_WARN_DEPRECATED_OBJC_IMPLEMENTATIONS = YES;
				CLANG_WARN_DIRECT_OBJC_ISA_USAGE = YES_ERROR;
				CLANG_WARN_DOCUMENTATION_COMMENTS = YES;
				CLANG_WARN_EMPTY_BODY = YES;
				CLANG_WARN_ENUM_CONVERSION = YES;
				CLANG_WARN_INFINITE_RECURSION = YES;
				CLANG_WARN_INT_CONVERSION = YES;
				CLANG_WARN_NON_LITERAL_NULL_CONVERSION = YES;
				CLANG_WARN_OBJC_IMPLICIT_RETAIN_SELF = YES;
				CLANG_WARN_OBJC_LITERAL_CONVERSION = YES;
				CLANG_WARN_OBJC_ROOT_CLASS = YES_ERROR;
				CLANG_WARN_QUOTED_INCLUDE_IN_FRAMEWORK_HEADER = YES;
				CLANG_WARN_RANGE_LOOP_ANALYSIS = YES;
				CLANG_WARN_STRICT_PROTOTYPES = YES;
				CLANG_WARN_SUSPICIOUS_MOVE = YES;
				CLANG_WARN_UNGUARDED_AVAILABILITY = YES_AGGRESSIVE;
				CLANG_WARN_UNREACHABLE_CODE = YES;
				CLANG_WARN__DUPLICATE_METHOD_MATCH = YES;
				COPY_PHASE_STRIP = NO;
				CURRENT_PROJECT_VERSION = 1;
				DEBUG_INFORMATION_FORMAT = dwarf;
				DEVELOPMENT_TEAM = "";
				ENABLE_STRICT_OBJC_MSGSEND = YES;
				ENABLE_TESTABILITY = YES;
				GCC_C_LANGUAGE_STANDARD = gnu11;
				GCC_DYNAMIC_NO_PIC = NO;
				GCC_NO_COMMON_BLOCKS = YES;
				GCC_OPTIMIZATION_LEVEL = 0;
				GCC_WARN_64_TO_32_BIT_CONVERSION = YES;
				GCC_WARN_ABOUT_RETURN_TYPE = YES_ERROR;
				GCC_WARN_UNDECLARED_SELECTOR = YES;
				GCC_WARN_UNINITIALIZED_AUTOS = YES_AGGRESSIVE;
				GCC_WARN_UNUSED_FUNCTION = YES;
				GCC_WARN_UNUSED_VARIABLE = YES;
				IPHONEOS_DEPLOYMENT_TARGET = 17.0;
				MARKETING_VERSION = 0.1.0;
				MTL_ENABLE_DEBUG_INFO = INCLUDE_SOURCE;
				MTL_FAST_MATH = YES;
				ONLY_ACTIVE_ARCH = YES;
				PRODUCT_NAME = "$(TARGET_NAME)";
				SDKROOT = iphoneos;
				SWIFT_ACTIVE_COMPILATION_CONDITIONS = DEBUG;
				SWIFT_OPTIMIZATION_LEVEL = "-Onone";
				SWIFT_VERSION = 5.9;
			};
			name = Debug;
		};
		460FE36057F0C3F6FA9AD425 /* Debug */ = {
			isa = XCBuildConfiguration;
			buildSettings = {
				BUNDLE_LOADER = "$(TEST_HOST)";
				GENERATE_INFOPLIST_FILE = YES;
				LD_RUNPATH_SEARCH_PATHS = (
					"$(inherited)",
					"@executable_path/Frameworks",
					"@loader_path/Frameworks",
				);
				PRODUCT_BUNDLE_IDENTIFIER = com.example.KnowledgeBaseAppTests;
				SDKROOT = iphoneos;
				TARGETED_DEVICE_FAMILY = "1,2";
				TEST_HOST = "$(BUILT_PRODUCTS_DIR)/KnowledgeBaseApp.app/KnowledgeBaseApp";
			};
			name = Debug;
		};
		61933336C2091427DE3571CF /* Release */ = {
			isa = XCBuildConfiguration;
			buildSettings = {
				ASSETCATALOG_COMPILER_APPICON_NAME = AppIcon;
				CODE_SIGN_IDENTITY = "iPhone Developer";
				INFOPLIST_FILE = KnowledgeBaseApp/Resources/Info.plist;
				INFOPLIST_KEY_CFBundleDisplayName = "Knowledge Base";
				INFOPLIST_KEY_LSApplicationCategoryType = "public.app-category.productivity";
				LD_RUNPATH_SEARCH_PATHS = (
					"$(inherited)",
					"@executable_path/Frameworks",
				);
				PRODUCT_BUNDLE_IDENTIFIER = com.example.KnowledgeBaseApp;
				SDKROOT = iphoneos;
				TARGETED_DEVICE_FAMILY = 1;
			};
			name = Release;
		};
		77B762308945AE5633083E8F /* Release */ = {
			isa = XCBuildConfiguration;
			buildSettings = {
				BUNDLE_LOADER = "$(TEST_HOST)";
				GENERATE_INFOPLIST_FILE = YES;
				LD_RUNPATH_SEARCH_PATHS = (
					"$(inherited)",
					"@executable_path/Frameworks",
					"@loader_path/Frameworks",
				);
				PRODUCT_BUNDLE_IDENTIFIER = com.example.KnowledgeBaseAppTests;
				SDKROOT = iphoneos;
				TARGETED_DEVICE_FAMILY = "1,2";
				TEST_HOST = "$(BUILT_PRODUCTS_DIR)/KnowledgeBaseApp.app/KnowledgeBaseApp";
			};
			name = Release;
		};
		A551EC11922BAB5ADFA01C2C /* Debug */ = {
			isa = XCBuildConfiguration;
			buildSettings = {
				ASSETCATALOG_COMPILER_APPICON_NAME = AppIcon;
				CODE_SIGN_IDENTITY = "iPhone Developer";
				INFOPLIST_FILE = KnowledgeBaseApp/Resources/Info.plist;
				INFOPLIST_KEY_CFBundleDisplayName = "Knowledge Base";
				INFOPLIST_KEY_LSApplicationCategoryType = "public.app-category.productivity";
				LD_RUNPATH_SEARCH_PATHS = (
					"$(inherited)",
					"@executable_path/Frameworks",
				);
				PRODUCT_BUNDLE_IDENTIFIER = com.example.KnowledgeBaseApp;
				SDKROOT = iphoneos;
				TARGETED_DEVICE_FAMILY = 1;
			};
			name = Debug;
		};
		A7A063F5C90651D78CD875AA /* Release */ = {
			isa = XCBuildConfiguration;
			baseConfigurationReference = E9075BD95C6FBBD783C0D5AD /* Release.xcconfig */;
			buildSettings = {
				ALWAYS_SEARCH_USER_PATHS = NO;
				CLANG_ANALYZER_NONNULL = YES;
				CLANG_ANALYZER_NUMBER_OBJECT_CONVERSION = YES_AGGRESSIVE;
				CLANG_CXX_LANGUAGE_STANDARD = "gnu++14";
				CLANG_CXX_LIBRARY = "libc++";
				CLANG_ENABLE_MODULES = YES;
				CLANG_ENABLE_OBJC_ARC = YES;
				CLANG_ENABLE_OBJC_WEAK = YES;
				CLANG_WARN_BLOCK_CAPTURE_AUTORELEASING = YES;
				CLANG_WARN_BOOL_CONVERSION = YES;
				CLANG_WARN_COMMA = YES;
				CLANG_WARN_CONSTANT_CONVERSION = YES;
				CLANG_WARN_DEPRECATED_OBJC_IMPLEMENTATIONS = YES;
				CLANG_WARN_DIRECT_OBJC_ISA_USAGE = YES_ERROR;
				CLANG_WARN_DOCUMENTATION_COMMENTS = YES;
				CLANG_WARN_EMPTY_BODY = YES;
				CLANG_WARN_ENUM_CONVERSION = YES;
				CLANG_WARN_INFINITE_RECURSION = YES;
				CLANG_WARN_INT_CONVERSION = YES;
				CLANG_WARN_NON_LITERAL_NULL_CONVERSION = YES;
				CLANG_WARN_OBJC_IMPLICIT_RETAIN_SELF = YES;
				CLANG_WARN_OBJC_LITERAL_CONVERSION = YES;
				CLANG_WARN_OBJC_ROOT_CLASS = YES_ERROR;
				CLANG_WARN_QUOTED_INCLUDE_IN_FRAMEWORK_HEADER = YES;
				CLANG_WARN_RANGE_LOOP_ANALYSIS = YES;
				CLANG_WARN_STRICT_PROTOTYPES = YES;
				CLANG_WARN_SUSPICIOUS_MOVE = YES;
				CLANG_WARN_UNGUARDED_AVAILABILITY = YES_AGGRESSIVE;
				CLANG_WARN_UNREACHABLE_CODE = YES;
				CLANG_WARN__DUPLICATE_METHOD_MATCH = YES;
				COPY_PHASE_STRIP = NO;
				CURRENT_PROJECT_VERSION = 1;
				DEBUG_INFORMATION_FORMAT = "dwarf-with-dsym";
				DEVELOPMENT_TEAM = "";
				ENABLE_NS_ASSERTIONS = NO;
				ENABLE_STRICT_OBJC_MSGSEND = YES;
				GCC_C_LANGUAGE_STANDARD = gnu11;
				GCC_NO_COMMON_BLOCKS = YES;
				GCC_WARN_64_TO_32_BIT_CONVERSION = YES;
				GCC_WARN_ABOUT_RETURN_TYPE = YES_ERROR;
				GCC_WARN_UNDECLARED_SELECTOR = YES;
				GCC_WARN_UNINITIALIZED_AUTOS = YES_AGGRESSIVE;
				GCC_WARN_UNUSED_FUNCTION = YES;
				GCC_WARN_UNUSED_VARIABLE = YES;
				IPHONEOS_DEPLOYMENT_TARGET = 17.0;
				MARKETING_VERSION = 0.1.0;
				MTL_ENABLE_DEBUG_INFO = NO;
				MTL_FAST_MATH = YES;
				PRODUCT_NAME = "$(TARGET_NAME)";
				SDKROOT = iphoneos;
				SWIFT_COMPILATION_MODE = wholemodule;
				SWIFT_OPTIMIZATION_LEVEL = "-O";
				SWIFT_VERSION = 5.9;
			};
			name = Release;
		};
/* End XCBuildConfiguration section */

/* Begin XCConfigurationList section */
		9F0CADBD7082722B8EBA6CE1 /* Build configuration list for PBXProject "KnowledgeBaseApp" */ = {
			isa = XCConfigurationList;
			buildConfigurations = (
				3C6317B14E1F04C93E294495 /* Debug */,
				A7A063F5C90651D78CD875AA /* Release */,
			);
			defaultConfigurationIsVisible = 0;
			defaultConfigurationName = Debug;
		};
		B42B6D3A80BE465ADD1A8E15 /* Build configuration list for PBXNativeTarget "KnowledgeBaseAppTests" */ = {
			isa = XCConfigurationList;
			buildConfigurations = (
				460FE36057F0C3F6FA9AD425 /* Debug */,
				77B762308945AE5633083E8F /* Release */,
			);
			defaultConfigurationIsVisible = 0;
			defaultConfigurationName = Debug;
		};
		F173CAB5625E60E8F0FA4F9A /* Build configuration list for PBXNativeTarget "KnowledgeBaseApp" */ = {
			isa = XCConfigurationList;
			buildConfigurations = (
				A551EC11922BAB5ADFA01C2C /* Debug */,
				61933336C2091427DE3571CF /* Release */,
			);
			defaultConfigurationIsVisible = 0;
			defaultConfigurationName = Debug;
		};
/* End XCConfigurationList section */
	};
	rootObject = EBAA649C262B1FB720473A74 /* Project object */;
}
